
Microsoft Visual Studio Solution File, Format Version 12.00
# Visual Studio Version 16
VisualStudioVersion = 16.0.32602.291
MinimumVisualStudioVersion = 10.0.40219.1
Project("{FAE04EC0-301F-11D3-BF4B-00C04F79EFBC}") = "FingerPrint_WinService", "FingerPrint_WinService\FingerPrint_WinService.csproj", "{1C24BCE7-40DA-46AA-ADB0-9BFB53109267}"
EndProject
Project("{54435603-DBB4-11D2-8724-00A0C9A8B90C}") = "FingerPrintWindowsSetup", "FingerPrintWindowsSetup\FingerPrintWindowsSetup.vdproj", "{FF77F3BF-3C59-4D78-8C76-A55281AB415B}"
EndProject
Global
	GlobalSection(SolutionConfigurationPlatforms) = preSolution
		Debug|Any CPU = Debug|Any CPU
		Release|Any CPU = Release|Any CPU
	EndGlobalSection
	GlobalSection(ProjectConfigurationPlatforms) = postSolution
		{1C24BCE7-40DA-46AA-ADB0-9BFB53109267}.Debug|Any CPU.ActiveCfg = Debug|Any CPU
		{1C24BCE7-40DA-46AA-ADB0-9BFB53109267}.Debug|Any CPU.Build.0 = Debug|Any CPU
		{1C24BCE7-40DA-46AA-ADB0-9BFB53109267}.Release|Any CPU.ActiveCfg = Release|Any CPU
		{1C24BCE7-40DA-46AA-ADB0-9BFB53109267}.Release|Any CPU.Build.0 = Release|Any CPU
		{FF77F3BF-3C59-4D78-8C76-A55281AB415B}.Debug|Any CPU.ActiveCfg = Debug
		{FF77F3BF-3C59-4D78-8C76-A55281AB415B}.Release|Any CPU.ActiveCfg = Release
	EndGlobalSection
	GlobalSection(SolutionProperties) = preSolution
		HideSolutionNode = FALSE
	EndGlobalSection
	GlobalSection(ExtensibilityGlobals) = postSolution
		SolutionGuid = {3A223DF8-0725-44FD-9C8E-7FD08A7C8636}
	EndGlobalSection
EndGlobal
